
Microsoft Visual Studio Solution File, Format Version 12.00
# Visual Studio 14
VisualStudioVersion = 14.0.25123.0
MinimumVisualStudioVersion = 10.0.40219.1
Project("{6E51B8E3-C8A1-4E10-8A77-13DB11F7426F}") = "Sitecore.Support.154596", "Sitecore.Support.154596\Sitecore.Support.154596.csproj", "{8AA5BB5E-4746-48F7-8050-B4C7235A6DA6}"
EndProject
Global
	GlobalSection(SolutionConfigurationPlatforms) = preSolution
		Debug|Any CPU = Debug|Any CPU
		Release|Any CPU = Release|Any CPU
	EndGlobalSection
	GlobalSection(ProjectConfigurationPlatforms) = postSolution
		{8AA5BB5E-4746-48F7-8050-B4C7235A6DA6}.Debug|Any CPU.ActiveCfg = Debug|Any CPU
		{8AA5BB5E-4746-48F7-8050-B4C7235A6DA6}.Debug|Any CPU.Build.0 = Debug|Any CPU
		{8AA5BB5E-4746-48F7-8050-B4C7235A6DA6}.Release|Any CPU.ActiveCfg = Release|Any CPU
		{8AA5BB5E-4746-48F7-8050-B4C7235A6DA6}.Release|Any CPU.Build.0 = Release|Any CPU
	EndGlobalSection
	GlobalSection(SolutionProperties) = preSolution
		HideSolutionNode = FALSE
	EndGlobalSection
EndGlobal
